
Microsoft Visual Studio Solution File, Format Version 12.00
# Visual Studio Version 17
VisualStudioVersion = 17.2.32519.379
MinimumVisualStudioVersion = 10.0.40219.1
Project("{FAE04EC0-301F-11D3-BF4B-00C04F79EFBC}") = "ConsoleDatabase", "ConsoleDatabase\ConsoleDatabase.csproj", "{728BFA61-B61D-49BC-BB98-9AA0B23D932F}"
EndProject
Project("{FAE04EC0-301F-11D3-BF4B-00C04F79EFBC}") = "AppDatabaseADO", "AppDatabaseADO\AppDatabaseADO.csproj", "{7DF71B40-D38C-47F4-97B8-C5D0B8896F57}"
EndProject
Project("{FAE04EC0-301F-11D3-BF4B-00C04F79EFBC}") = "AppDatabaseDLL", "AppDatabaseDLL\AppDatabaseDLL.csproj", "{BAC9B075-158E-4F78-BF72-043D36DCBA7D}"
EndProject
Project("{FAE04EC0-301F-11D3-BF4B-00C04F79EFBC}") = "AppDatabaseDominio", "AppDatabaseDominio\AppDatabaseDominio.csproj", "{CA9B8EC8-C781-48C0-8CA4-8F1AAF8E0061}"
EndProject
Project("{FAE04EC0-301F-11D3-BF4B-00C04F79EFBC}") = "WebMVC", "WebMVC\WebMVC.csproj", "{E7140AAE-9D43-4B5E-B6B8-FCC948CCD1E7}"
EndProject
Global
	GlobalSection(SolutionConfigurationPlatforms) = preSolution
		Debug|Any CPU = Debug|Any CPU
		Release|Any CPU = Release|Any CPU
	EndGlobalSection
	GlobalSection(ProjectConfigurationPlatforms) = postSolution
		{728BFA61-B61D-49BC-BB98-9AA0B23D932F}.Debug|Any CPU.ActiveCfg = Debug|Any CPU
		{728BFA61-B61D-49BC-BB98-9AA0B23D932F}.Debug|Any CPU.Build.0 = Debug|Any CPU
		{728BFA61-B61D-49BC-BB98-9AA0B23D932F}.Release|Any CPU.ActiveCfg = Release|Any CPU
		{728BFA61-B61D-49BC-BB98-9AA0B23D932F}.Release|Any CPU.Build.0 = Release|Any CPU
		{7DF71B40-D38C-47F4-97B8-C5D0B8896F57}.Debug|Any CPU.ActiveCfg = Debug|Any CPU
		{7DF71B40-D38C-47F4-97B8-C5D0B8896F57}.Debug|Any CPU.Build.0 = Debug|Any CPU
		{7DF71B40-D38C-47F4-97B8-C5D0B8896F57}.Release|Any CPU.ActiveCfg = Release|Any CPU
		{7DF71B40-D38C-47F4-97B8-C5D0B8896F57}.Release|Any CPU.Build.0 = Release|Any CPU
		{BAC9B075-158E-4F78-BF72-043D36DCBA7D}.Debug|Any CPU.ActiveCfg = Debug|Any CPU
		{BAC9B075-158E-4F78-BF72-043D36DCBA7D}.Debug|Any CPU.Build.0 = Debug|Any CPU
		{BAC9B075-158E-4F78-BF72-043D36DCBA7D}.Release|Any CPU.ActiveCfg = Release|Any CPU
		{BAC9B075-158E-4F78-BF72-043D36DCBA7D}.Release|Any CPU.Build.0 = Release|Any CPU
		{CA9B8EC8-C781-48C0-8CA4-8F1AAF8E0061}.Debug|Any CPU.ActiveCfg = Debug|Any CPU
		{CA9B8EC8-C781-48C0-8CA4-8F1AAF8E0061}.Debug|Any CPU.Build.0 = Debug|Any CPU
		{CA9B8EC8-C781-48C0-8CA4-8F1AAF8E0061}.Release|Any CPU.ActiveCfg = Release|Any CPU
		{CA9B8EC8-C781-48C0-8CA4-8F1AAF8E0061}.Release|Any CPU.Build.0 = Release|Any CPU
		{E7140AAE-9D43-4B5E-B6B8-FCC948CCD1E7}.Debug|Any CPU.ActiveCfg = Debug|Any CPU
		{E7140AAE-9D43-4B5E-B6B8-FCC948CCD1E7}.Debug|Any CPU.Build.0 = Debug|Any CPU
		{E7140AAE-9D43-4B5E-B6B8-FCC948CCD1E7}.Release|Any CPU.ActiveCfg = Release|Any CPU
		{E7140AAE-9D43-4B5E-B6B8-FCC948CCD1E7}.Release|Any CPU.Build.0 = Release|Any CPU
	EndGlobalSection
	GlobalSection(SolutionProperties) = preSolution
		HideSolutionNode = FALSE
	EndGlobalSection
	GlobalSection(ExtensibilityGlobals) = postSolution
		SolutionGuid = {6B4A9063-098E-4C92-B21F-F94E5970CFFC}
	EndGlobalSection
EndGlobal
